
Microsoft Visual Studio Solution File, Format Version 12.00
# Visual Studio 15
VisualStudioVersion = 15.0.28010.2003
MinimumVisualStudioVersion = 10.0.40219.1
Project("{FAE04EC0-301F-11D3-BF4B-00C04F79EFBC}") = "NameSorter", "NameSorter\NameSorter.csproj", "{54B11BAD-CFFA-46B9-823D-57F09A8E79A0}"
EndProject
Project("{FAE04EC0-301F-11D3-BF4B-00C04F79EFBC}") = "NameSortTests", "UnitTestProject1\NameSortTests.csproj", "{606CCF8D-8F2F-4B8B-9280-A1333B5391D0}"
EndProject
Global
	GlobalSection(SolutionConfigurationPlatforms) = preSolution
		Debug|Any CPU = Debug|Any CPU
		Release|Any CPU = Release|Any CPU
	EndGlobalSection
	GlobalSection(ProjectConfigurationPlatforms) = postSolution
		{54B11BAD-CFFA-46B9-823D-57F09A8E79A0}.Debug|Any CPU.ActiveCfg = Debug|Any CPU
		{54B11BAD-CFFA-46B9-823D-57F09A8E79A0}.Debug|Any CPU.Build.0 = Debug|Any CPU
		{54B11BAD-CFFA-46B9-823D-57F09A8E79A0}.Release|Any CPU.ActiveCfg = Release|Any CPU
		{54B11BAD-CFFA-46B9-823D-57F09A8E79A0}.Release|Any CPU.Build.0 = Release|Any CPU
		{606CCF8D-8F2F-4B8B-9280-A1333B5391D0}.Debug|Any CPU.ActiveCfg = Debug|Any CPU
		{606CCF8D-8F2F-4B8B-9280-A1333B5391D0}.Debug|Any CPU.Build.0 = Debug|Any CPU
		{606CCF8D-8F2F-4B8B-9280-A1333B5391D0}.Release|Any CPU.ActiveCfg = Release|Any CPU
		{606CCF8D-8F2F-4B8B-9280-A1333B5391D0}.Release|Any CPU.Build.0 = Release|Any CPU
	EndGlobalSection
	GlobalSection(SolutionProperties) = preSolution
		HideSolutionNode = FALSE
	EndGlobalSection
	GlobalSection(ExtensibilityGlobals) = postSolution
		SolutionGuid = {F56F4EE4-3A57-41F6-88BA-41678694F89C}
	EndGlobalSection
EndGlobal
